
Microsoft Visual Studio Solution File, Format Version 12.00
# Visual Studio Version 17
VisualStudioVersion = 17.7.34024.191
MinimumVisualStudioVersion = 10.0.40219.1
Project("{FAE04EC0-301F-11D3-BF4B-00C04F79EFBC}") = "firstSolution", "firstSolution.csproj", "{75FBB49D-DC20-47FB-A9E3-1DF362D7775C}"
EndProject
Project("{FAE04EC0-301F-11D3-BF4B-00C04F79EFBC}") = "secondSolution", "..\secondSolution\secondSolution.csproj", "{E832DB19-521B-4B9F-B2C9-A3B7AB9286F2}"
EndProject
Project("{FAE04EC0-301F-11D3-BF4B-00C04F79EFBC}") = "fifthSolution", "..\fifthSolution\fifthSolution.csproj", "{BB781F62-B156-478D-ADA9-18BE32A16FD0}"
EndProject
Project("{FAE04EC0-301F-11D3-BF4B-00C04F79EFBC}") = "sixthSolution", "..\sixthSolution\sixthSolution.csproj", "{35973599-F764-4542-A59F-AC6E1E7837EA}"
EndProject
Project("{FAE04EC0-301F-11D3-BF4B-00C04F79EFBC}") = "seventhSolution", "..\seventhSolution\seventhSolution.csproj", "{0ED9D7A8-1EEA-4343-8A5D-5D863FDC2DD0}"
EndProject
Global
	GlobalSection(SolutionConfigurationPlatforms) = preSolution
		Debug|Any CPU = Debug|Any CPU
		Debug|x64 = Debug|x64
		Debug|x86 = Debug|x86
		Release|Any CPU = Release|Any CPU
		Release|x64 = Release|x64
		Release|x86 = Release|x86
	EndGlobalSection
	GlobalSection(ProjectConfigurationPlatforms) = postSolution
		{75FBB49D-DC20-47FB-A9E3-1DF362D7775C}.Debug|Any CPU.ActiveCfg = Debug|Any CPU
		{75FBB49D-DC20-47FB-A9E3-1DF362D7775C}.Debug|Any CPU.Build.0 = Debug|Any CPU
		{75FBB49D-DC20-47FB-A9E3-1DF362D7775C}.Debug|x64.ActiveCfg = Debug|Any CPU
		{75FBB49D-DC20-47FB-A9E3-1DF362D7775C}.Debug|x64.Build.0 = Debug|Any CPU
		{75FBB49D-DC20-47FB-A9E3-1DF362D7775C}.Debug|x86.ActiveCfg = Debug|Any CPU
		{75FBB49D-DC20-47FB-A9E3-1DF362D7775C}.Debug|x86.Build.0 = Debug|Any CPU
		{75FBB49D-DC20-47FB-A9E3-1DF362D7775C}.Release|Any CPU.ActiveCfg = Release|Any CPU
		{75FBB49D-DC20-47FB-A9E3-1DF362D7775C}.Release|Any CPU.Build.0 = Release|Any CPU
		{75FBB49D-DC20-47FB-A9E3-1DF362D7775C}.Release|x64.ActiveCfg = Release|Any CPU
		{75FBB49D-DC20-47FB-A9E3-1DF362D7775C}.Release|x64.Build.0 = Release|Any CPU
		{75FBB49D-DC20-47FB-A9E3-1DF362D7775C}.Release|x86.ActiveCfg = Release|Any CPU
		{75FBB49D-DC20-47FB-A9E3-1DF362D7775C}.Release|x86.Build.0 = Release|Any CPU
		{E832DB19-521B-4B9F-B2C9-A3B7AB9286F2}.Debug|Any CPU.ActiveCfg = Debug|Any CPU
		{E832DB19-521B-4B9F-B2C9-A3B7AB9286F2}.Debug|Any CPU.Build.0 = Debug|Any CPU
		{E832DB19-521B-4B9F-B2C9-A3B7AB9286F2}.Debug|x64.ActiveCfg = Debug|Any CPU
		{E832DB19-521B-4B9F-B2C9-A3B7AB9286F2}.Debug|x64.Build.0 = Debug|Any CPU
		{E832DB19-521B-4B9F-B2C9-A3B7AB9286F2}.Debug|x86.ActiveCfg = Debug|Any CPU
		{E832DB19-521B-4B9F-B2C9-A3B7AB9286F2}.Debug|x86.Build.0 = Debug|Any CPU
		{E832DB19-521B-4B9F-B2C9-A3B7AB9286F2}.Release|Any CPU.ActiveCfg = Release|Any CPU
		{E832DB19-521B-4B9F-B2C9-A3B7AB9286F2}.Release|Any CPU.Build.0 = Release|Any CPU
		{E832DB19-521B-4B9F-B2C9-A3B7AB9286F2}.Release|x64.ActiveCfg = Release|Any CPU
		{E832DB19-521B-4B9F-B2C9-A3B7AB9286F2}.Release|x64.Build.0 = Release|Any CPU
		{E832DB19-521B-4B9F-B2C9-A3B7AB9286F2}.Release|x86.ActiveCfg = Release|Any CPU
		{E832DB19-521B-4B9F-B2C9-A3B7AB9286F2}.Release|x86.Build.0 = Release|Any CPU
		{BB781F62-B156-478D-ADA9-18BE32A16FD0}.Debug|Any CPU.ActiveCfg = Debug|Any CPU
		{BB781F62-B156-478D-ADA9-18BE32A16FD0}.Debug|Any CPU.Build.0 = Debug|Any CPU
		{BB781F62-B156-478D-ADA9-18BE32A16FD0}.Debug|x64.ActiveCfg = Debug|Any CPU
		{BB781F62-B156-478D-ADA9-18BE32A16FD0}.Debug|x64.Build.0 = Debug|Any CPU
		{BB781F62-B156-478D-ADA9-18BE32A16FD0}.Debug|x86.ActiveCfg = Debug|Any CPU
		{BB781F62-B156-478D-ADA9-18BE32A16FD0}.Debug|x86.Build.0 = Debug|Any CPU
		{BB781F62-B156-478D-ADA9-18BE32A16FD0}.Release|Any CPU.ActiveCfg = Release|Any CPU
		{BB781F62-B156-478D-ADA9-18BE32A16FD0}.Release|Any CPU.Build.0 = Release|Any CPU
		{BB781F62-B156-478D-ADA9-18BE32A16FD0}.Release|x64.ActiveCfg = Release|Any CPU
		{BB781F62-B156-478D-ADA9-18BE32A16FD0}.Release|x64.Build.0 = Release|Any CPU
		{BB781F62-B156-478D-ADA9-18BE32A16FD0}.Release|x86.ActiveCfg = Release|Any CPU
		{BB781F62-B156-478D-ADA9-18BE32A16FD0}.Release|x86.Build.0 = Release|Any CPU
		{35973599-F764-4542-A59F-AC6E1E7837EA}.Debug|Any CPU.ActiveCfg = Debug|Any CPU
		{35973599-F764-4542-A59F-AC6E1E7837EA}.Debug|Any CPU.Build.0 = Debug|Any CPU
		{35973599-F764-4542-A59F-AC6E1E7837EA}.Debug|x64.ActiveCfg = Debug|Any CPU
		{35973599-F764-4542-A59F-AC6E1E7837EA}.Debug|x64.Build.0 = Debug|Any CPU
		{35973599-F764-4542-A59F-AC6E1E7837EA}.Debug|x86.ActiveCfg = Debug|Any CPU
		{35973599-F764-4542-A59F-AC6E1E7837EA}.Debug|x86.Build.0 = Debug|Any CPU
		{35973599-F764-4542-A59F-AC6E1E7837EA}.Release|Any CPU.ActiveCfg = Release|Any CPU
		{35973599-F764-4542-A59F-AC6E1E7837EA}.Release|Any CPU.Build.0 = Release|Any CPU
		{35973599-F764-4542-A59F-AC6E1E7837EA}.Release|x64.ActiveCfg = Release|Any CPU
		{35973599-F764-4542-A59F-AC6E1E7837EA}.Release|x64.Build.0 = Release|Any CPU
		{35973599-F764-4542-A59F-AC6E1E7837EA}.Release|x86.ActiveCfg = Release|Any CPU
		{35973599-F764-4542-A59F-AC6E1E7837EA}.Release|x86.Build.0 = Release|Any CPU
		{0ED9D7A8-1EEA-4343-8A5D-5D863FDC2DD0}.Debug|Any CPU.ActiveCfg = Debug|Any CPU
		{0ED9D7A8-1EEA-4343-8A5D-5D863FDC2DD0}.Debug|Any CPU.Build.0 = Debug|Any CPU
		{0ED9D7A8-1EEA-4343-8A5D-5D863FDC2DD0}.Debug|x64.ActiveCfg = Debug|Any CPU
		{0ED9D7A8-1EEA-4343-8A5D-5D863FDC2DD0}.Debug|x64.Build.0 = Debug|Any CPU
		{0ED9D7A8-1EEA-4343-8A5D-5D863FDC2DD0}.Debug|x86.ActiveCfg = Debug|Any CPU
		{0ED9D7A8-1EEA-4343-8A5D-5D863FDC2DD0}.Debug|x86.Build.0 = Debug|Any CPU
		{0ED9D7A8-1EEA-4343-8A5D-5D863FDC2DD0}.Release|Any CPU.ActiveCfg = Release|Any CPU
		{0ED9D7A8-1EEA-4343-8A5D-5D863FDC2DD0}.Release|Any CPU.Build.0 = Release|Any CPU
		{0ED9D7A8-1EEA-4343-8A5D-5D863FDC2DD0}.Release|x64.ActiveCfg = Release|Any CPU
		{0ED9D7A8-1EEA-4343-8A5D-5D863FDC2DD0}.Release|x64.Build.0 = Release|Any CPU
		{0ED9D7A8-1EEA-4343-8A5D-5D863FDC2DD0}.Release|x86.ActiveCfg = Release|Any CPU
		{0ED9D7A8-1EEA-4343-8A5D-5D863FDC2DD0}.Release|x86.Build.0 = Release|Any CPU
	EndGlobalSection
	GlobalSection(SolutionProperties) = preSolution
		HideSolutionNode = FALSE
	EndGlobalSection
	GlobalSection(ExtensibilityGlobals) = postSolution
		SolutionGuid = {8BEEB9CF-67E6-4A90-BB0C-9F52459AF0A9}
	EndGlobalSection
EndGlobal
