
Microsoft Visual Studio Solution File, Format Version 12.00
# Visual Studio Version 17
VisualStudioVersion = 17.7.34024.191
MinimumVisualStudioVersion = 10.0.40219.1
Project("{FAE04EC0-301F-11D3-BF4B-00C04F79EFBC}") = "Task-01", "Task-01.csproj", "{75FBB49D-DC20-47FB-A9E3-1DF362D7775C}"
EndProject
Project("{FAE04EC0-301F-11D3-BF4B-00C04F79EFBC}") = "Task-02", "secondSolution2\Task-02.csproj", "{78930A01-C77E-41E3-817E-774B85D50559}"
EndProject
Project("{FAE04EC0-301F-11D3-BF4B-00C04F79EFBC}") = "Task-05", "fifthSolution2\Task-05.csproj", "{4549FA64-3B00-48A3-BC7E-B3895D4B048E}"
EndProject
Project("{FAE04EC0-301F-11D3-BF4B-00C04F79EFBC}") = "Task-06", "sixthSolution2\Task-06.csproj", "{393AC8B5-588B-4D5C-9976-8405D7E62D2A}"
EndProject
Project("{FAE04EC0-301F-11D3-BF4B-00C04F79EFBC}") = "Task-07", "seventhSolution2\Task-07.csproj", "{894F545D-7D73-47D2-926E-DC010A547983}"
EndProject
Project("{FAE04EC0-301F-11D3-BF4B-00C04F79EFBC}") = "Task-03", "Task-03\Task-03.csproj", "{638047FD-1CE7-44D1-BB6A-BD9968C9D392}"
EndProject
Project("{FAE04EC0-301F-11D3-BF4B-00C04F79EFBC}") = "Task-08", "Task-08\Task-08.csproj", "{47A54C50-85E3-405F-93F0-584C79593261}"
EndProject
Project("{FAE04EC0-301F-11D3-BF4B-00C04F79EFBC}") = "Task-10", "Task-10\Task-10.csproj", "{6527069E-7A3C-460A-BF1D-718E18477710}"
EndProject
Project("{FAE04EC0-301F-11D3-BF4B-00C04F79EFBC}") = "Task-12", "Task-12\Task-12.csproj", "{19DA0DD2-A0FF-4EC6-B3C0-4F30B9C3366B}"
EndProject
Project("{FAE04EC0-301F-11D3-BF4B-00C04F79EFBC}") = "Task-13", "Task-13\Task-13.csproj", "{B7561A10-E39A-4AE3-996E-75517FB53B84}"
EndProject
Project("{FAE04EC0-301F-11D3-BF4B-00C04F79EFBC}") = "Task-15", "Task-15\Task-15.csproj", "{FA0E8453-9299-4787-A7AE-10C747C4DA6E}"
EndProject
Project("{FAE04EC0-301F-11D3-BF4B-00C04F79EFBC}") = "Task-09", "Task-09\Task-09.csproj", "{2F053549-4A77-4FD1-9304-3085FBCF9352}"
EndProject
Project("{FAE04EC0-301F-11D3-BF4B-00C04F79EFBC}") = "Task-11", "Task-11\Task-11.csproj", "{115C0CE6-7C7D-4B17-AEB1-B96AAA13129D}"
EndProject
Project("{FAE04EC0-301F-11D3-BF4B-00C04F79EFBC}") = "Task-19", "Task-19\Task-19.csproj", "{11981EF8-0EE1-44B1-9638-13A95909AAD9}"
EndProject
Global
	GlobalSection(SolutionConfigurationPlatforms) = preSolution
		Debug|Any CPU = Debug|Any CPU
		Debug|x64 = Debug|x64
		Debug|x86 = Debug|x86
		Release|Any CPU = Release|Any CPU
		Release|x64 = Release|x64
		Release|x86 = Release|x86
	EndGlobalSection
	GlobalSection(ProjectConfigurationPlatforms) = postSolution
		{75FBB49D-DC20-47FB-A9E3-1DF362D7775C}.Debug|Any CPU.ActiveCfg = Debug|Any CPU
		{75FBB49D-DC20-47FB-A9E3-1DF362D7775C}.Debug|Any CPU.Build.0 = Debug|Any CPU
		{75FBB49D-DC20-47FB-A9E3-1DF362D7775C}.Debug|x64.ActiveCfg = Debug|Any CPU
		{75FBB49D-DC20-47FB-A9E3-1DF362D7775C}.Debug|x64.Build.0 = Debug|Any CPU
		{75FBB49D-DC20-47FB-A9E3-1DF362D7775C}.Debug|x86.ActiveCfg = Debug|Any CPU
		{75FBB49D-DC20-47FB-A9E3-1DF362D7775C}.Debug|x86.Build.0 = Debug|Any CPU
		{75FBB49D-DC20-47FB-A9E3-1DF362D7775C}.Release|Any CPU.ActiveCfg = Release|Any CPU
		{75FBB49D-DC20-47FB-A9E3-1DF362D7775C}.Release|Any CPU.Build.0 = Release|Any CPU
		{75FBB49D-DC20-47FB-A9E3-1DF362D7775C}.Release|x64.ActiveCfg = Release|Any CPU
		{75FBB49D-DC20-47FB-A9E3-1DF362D7775C}.Release|x64.Build.0 = Release|Any CPU
		{75FBB49D-DC20-47FB-A9E3-1DF362D7775C}.Release|x86.ActiveCfg = Release|Any CPU
		{75FBB49D-DC20-47FB-A9E3-1DF362D7775C}.Release|x86.Build.0 = Release|Any CPU
		{78930A01-C77E-41E3-817E-774B85D50559}.Debug|Any CPU.ActiveCfg = Debug|Any CPU
		{78930A01-C77E-41E3-817E-774B85D50559}.Debug|Any CPU.Build.0 = Debug|Any CPU
		{78930A01-C77E-41E3-817E-774B85D50559}.Debug|x64.ActiveCfg = Debug|Any CPU
		{78930A01-C77E-41E3-817E-774B85D50559}.Debug|x64.Build.0 = Debug|Any CPU
		{78930A01-C77E-41E3-817E-774B85D50559}.Debug|x86.ActiveCfg = Debug|Any CPU
		{78930A01-C77E-41E3-817E-774B85D50559}.Debug|x86.Build.0 = Debug|Any CPU
		{78930A01-C77E-41E3-817E-774B85D50559}.Release|Any CPU.ActiveCfg = Release|Any CPU
		{78930A01-C77E-41E3-817E-774B85D50559}.Release|Any CPU.Build.0 = Release|Any CPU
		{78930A01-C77E-41E3-817E-774B85D50559}.Release|x64.ActiveCfg = Release|Any CPU
		{78930A01-C77E-41E3-817E-774B85D50559}.Release|x64.Build.0 = Release|Any CPU
		{78930A01-C77E-41E3-817E-774B85D50559}.Release|x86.ActiveCfg = Release|Any CPU
		{78930A01-C77E-41E3-817E-774B85D50559}.Release|x86.Build.0 = Release|Any CPU
		{4549FA64-3B00-48A3-BC7E-B3895D4B048E}.Debug|Any CPU.ActiveCfg = Debug|Any CPU
		{4549FA64-3B00-48A3-BC7E-B3895D4B048E}.Debug|Any CPU.Build.0 = Debug|Any CPU
		{4549FA64-3B00-48A3-BC7E-B3895D4B048E}.Debug|x64.ActiveCfg = Debug|Any CPU
		{4549FA64-3B00-48A3-BC7E-B3895D4B048E}.Debug|x64.Build.0 = Debug|Any CPU
		{4549FA64-3B00-48A3-BC7E-B3895D4B048E}.Debug|x86.ActiveCfg = Debug|Any CPU
		{4549FA64-3B00-48A3-BC7E-B3895D4B048E}.Debug|x86.Build.0 = Debug|Any CPU
		{4549FA64-3B00-48A3-BC7E-B3895D4B048E}.Release|Any CPU.ActiveCfg = Release|Any CPU
		{4549FA64-3B00-48A3-BC7E-B3895D4B048E}.Release|Any CPU.Build.0 = Release|Any CPU
		{4549FA64-3B00-48A3-BC7E-B3895D4B048E}.Release|x64.ActiveCfg = Release|Any CPU
		{4549FA64-3B00-48A3-BC7E-B3895D4B048E}.Release|x64.Build.0 = Release|Any CPU
		{4549FA64-3B00-48A3-BC7E-B3895D4B048E}.Release|x86.ActiveCfg = Release|Any CPU
		{4549FA64-3B00-48A3-BC7E-B3895D4B048E}.Release|x86.Build.0 = Release|Any CPU
		{393AC8B5-588B-4D5C-9976-8405D7E62D2A}.Debug|Any CPU.ActiveCfg = Debug|Any CPU
		{393AC8B5-588B-4D5C-9976-8405D7E62D2A}.Debug|Any CPU.Build.0 = Debug|Any CPU
		{393AC8B5-588B-4D5C-9976-8405D7E62D2A}.Debug|x64.ActiveCfg = Debug|Any CPU
		{393AC8B5-588B-4D5C-9976-8405D7E62D2A}.Debug|x64.Build.0 = Debug|Any CPU
		{393AC8B5-588B-4D5C-9976-8405D7E62D2A}.Debug|x86.ActiveCfg = Debug|Any CPU
		{393AC8B5-588B-4D5C-9976-8405D7E62D2A}.Debug|x86.Build.0 = Debug|Any CPU
		{393AC8B5-588B-4D5C-9976-8405D7E62D2A}.Release|Any CPU.ActiveCfg = Release|Any CPU
		{393AC8B5-588B-4D5C-9976-8405D7E62D2A}.Release|Any CPU.Build.0 = Release|Any CPU
		{393AC8B5-588B-4D5C-9976-8405D7E62D2A}.Release|x64.ActiveCfg = Release|Any CPU
		{393AC8B5-588B-4D5C-9976-8405D7E62D2A}.Release|x64.Build.0 = Release|Any CPU
		{393AC8B5-588B-4D5C-9976-8405D7E62D2A}.Release|x86.ActiveCfg = Release|Any CPU
		{393AC8B5-588B-4D5C-9976-8405D7E62D2A}.Release|x86.Build.0 = Release|Any CPU
		{894F545D-7D73-47D2-926E-DC010A547983}.Debug|Any CPU.ActiveCfg = Debug|Any CPU
		{894F545D-7D73-47D2-926E-DC010A547983}.Debug|Any CPU.Build.0 = Debug|Any CPU
		{894F545D-7D73-47D2-926E-DC010A547983}.Debug|x64.ActiveCfg = Debug|Any CPU
		{894F545D-7D73-47D2-926E-DC010A547983}.Debug|x64.Build.0 = Debug|Any CPU
		{894F545D-7D73-47D2-926E-DC010A547983}.Debug|x86.ActiveCfg = Debug|Any CPU
		{894F545D-7D73-47D2-926E-DC010A547983}.Debug|x86.Build.0 = Debug|Any CPU
		{894F545D-7D73-47D2-926E-DC010A547983}.Release|Any CPU.ActiveCfg = Release|Any CPU
		{894F545D-7D73-47D2-926E-DC010A547983}.Release|Any CPU.Build.0 = Release|Any CPU
		{894F545D-7D73-47D2-926E-DC010A547983}.Release|x64.ActiveCfg = Release|Any CPU
		{894F545D-7D73-47D2-926E-DC010A547983}.Release|x64.Build.0 = Release|Any CPU
		{894F545D-7D73-47D2-926E-DC010A547983}.Release|x86.ActiveCfg = Release|Any CPU
		{894F545D-7D73-47D2-926E-DC010A547983}.Release|x86.Build.0 = Release|Any CPU
		{638047FD-1CE7-44D1-BB6A-BD9968C9D392}.Debug|Any CPU.ActiveCfg = Debug|Any CPU
		{638047FD-1CE7-44D1-BB6A-BD9968C9D392}.Debug|Any CPU.Build.0 = Debug|Any CPU
		{638047FD-1CE7-44D1-BB6A-BD9968C9D392}.Debug|x64.ActiveCfg = Debug|Any CPU
		{638047FD-1CE7-44D1-BB6A-BD9968C9D392}.Debug|x64.Build.0 = Debug|Any CPU
		{638047FD-1CE7-44D1-BB6A-BD9968C9D392}.Debug|x86.ActiveCfg = Debug|Any CPU
		{638047FD-1CE7-44D1-BB6A-BD9968C9D392}.Debug|x86.Build.0 = Debug|Any CPU
		{638047FD-1CE7-44D1-BB6A-BD9968C9D392}.Release|Any CPU.ActiveCfg = Release|Any CPU
		{638047FD-1CE7-44D1-BB6A-BD9968C9D392}.Release|Any CPU.Build.0 = Release|Any CPU
		{638047FD-1CE7-44D1-BB6A-BD9968C9D392}.Release|x64.ActiveCfg = Release|Any CPU
		{638047FD-1CE7-44D1-BB6A-BD9968C9D392}.Release|x64.Build.0 = Release|Any CPU
		{638047FD-1CE7-44D1-BB6A-BD9968C9D392}.Release|x86.ActiveCfg = Release|Any CPU
		{638047FD-1CE7-44D1-BB6A-BD9968C9D392}.Release|x86.Build.0 = Release|Any CPU
		{47A54C50-85E3-405F-93F0-584C79593261}.Debug|Any CPU.ActiveCfg = Debug|Any CPU
		{47A54C50-85E3-405F-93F0-584C79593261}.Debug|Any CPU.Build.0 = Debug|Any CPU
		{47A54C50-85E3-405F-93F0-584C79593261}.Debug|x64.ActiveCfg = Debug|Any CPU
		{47A54C50-85E3-405F-93F0-584C79593261}.Debug|x64.Build.0 = Debug|Any CPU
		{47A54C50-85E3-405F-93F0-584C79593261}.Debug|x86.ActiveCfg = Debug|Any CPU
		{47A54C50-85E3-405F-93F0-584C79593261}.Debug|x86.Build.0 = Debug|Any CPU
		{47A54C50-85E3-405F-93F0-584C79593261}.Release|Any CPU.ActiveCfg = Release|Any CPU
		{47A54C50-85E3-405F-93F0-584C79593261}.Release|Any CPU.Build.0 = Release|Any CPU
		{47A54C50-85E3-405F-93F0-584C79593261}.Release|x64.ActiveCfg = Release|Any CPU
		{47A54C50-85E3-405F-93F0-584C79593261}.Release|x64.Build.0 = Release|Any CPU
		{47A54C50-85E3-405F-93F0-584C79593261}.Release|x86.ActiveCfg = Release|Any CPU
		{47A54C50-85E3-405F-93F0-584C79593261}.Release|x86.Build.0 = Release|Any CPU
		{6527069E-7A3C-460A-BF1D-718E18477710}.Debug|Any CPU.ActiveCfg = Debug|Any CPU
		{6527069E-7A3C-460A-BF1D-718E18477710}.Debug|Any CPU.Build.0 = Debug|Any CPU
		{6527069E-7A3C-460A-BF1D-718E18477710}.Debug|x64.ActiveCfg = Debug|Any CPU
		{6527069E-7A3C-460A-BF1D-718E18477710}.Debug|x64.Build.0 = Debug|Any CPU
		{6527069E-7A3C-460A-BF1D-718E18477710}.Debug|x86.ActiveCfg = Debug|Any CPU
		{6527069E-7A3C-460A-BF1D-718E18477710}.Debug|x86.Build.0 = Debug|Any CPU
		{6527069E-7A3C-460A-BF1D-718E18477710}.Release|Any CPU.ActiveCfg = Release|Any CPU
		{6527069E-7A3C-460A-BF1D-718E18477710}.Release|Any CPU.Build.0 = Release|Any CPU
		{6527069E-7A3C-460A-BF1D-718E18477710}.Release|x64.ActiveCfg = Release|Any CPU
		{6527069E-7A3C-460A-BF1D-718E18477710}.Release|x64.Build.0 = Release|Any CPU
		{6527069E-7A3C-460A-BF1D-718E18477710}.Release|x86.ActiveCfg = Release|Any CPU
		{6527069E-7A3C-460A-BF1D-718E18477710}.Release|x86.Build.0 = Release|Any CPU
		{19DA0DD2-A0FF-4EC6-B3C0-4F30B9C3366B}.Debug|Any CPU.ActiveCfg = Debug|Any CPU
		{19DA0DD2-A0FF-4EC6-B3C0-4F30B9C3366B}.Debug|Any CPU.Build.0 = Debug|Any CPU
		{19DA0DD2-A0FF-4EC6-B3C0-4F30B9C3366B}.Debug|x64.ActiveCfg = Debug|Any CPU
		{19DA0DD2-A0FF-4EC6-B3C0-4F30B9C3366B}.Debug|x64.Build.0 = Debug|Any CPU
		{19DA0DD2-A0FF-4EC6-B3C0-4F30B9C3366B}.Debug|x86.ActiveCfg = Debug|Any CPU
		{19DA0DD2-A0FF-4EC6-B3C0-4F30B9C3366B}.Debug|x86.Build.0 = Debug|Any CPU
		{19DA0DD2-A0FF-4EC6-B3C0-4F30B9C3366B}.Release|Any CPU.ActiveCfg = Release|Any CPU
		{19DA0DD2-A0FF-4EC6-B3C0-4F30B9C3366B}.Release|Any CPU.Build.0 = Release|Any CPU
		{19DA0DD2-A0FF-4EC6-B3C0-4F30B9C3366B}.Release|x64.ActiveCfg = Release|Any CPU
		{19DA0DD2-A0FF-4EC6-B3C0-4F30B9C3366B}.Release|x64.Build.0 = Release|Any CPU
		{19DA0DD2-A0FF-4EC6-B3C0-4F30B9C3366B}.Release|x86.ActiveCfg = Release|Any CPU
		{19DA0DD2-A0FF-4EC6-B3C0-4F30B9C3366B}.Release|x86.Build.0 = Release|Any CPU
		{B7561A10-E39A-4AE3-996E-75517FB53B84}.Debug|Any CPU.ActiveCfg = Debug|Any CPU
		{B7561A10-E39A-4AE3-996E-75517FB53B84}.Debug|Any CPU.Build.0 = Debug|Any CPU
		{B7561A10-E39A-4AE3-996E-75517FB53B84}.Debug|x64.ActiveCfg = Debug|Any CPU
		{B7561A10-E39A-4AE3-996E-75517FB53B84}.Debug|x64.Build.0 = Debug|Any CPU
		{B7561A10-E39A-4AE3-996E-75517FB53B84}.Debug|x86.ActiveCfg = Debug|Any CPU
		{B7561A10-E39A-4AE3-996E-75517FB53B84}.Debug|x86.Build.0 = Debug|Any CPU
		{B7561A10-E39A-4AE3-996E-75517FB53B84}.Release|Any CPU.ActiveCfg = Release|Any CPU
		{B7561A10-E39A-4AE3-996E-75517FB53B84}.Release|Any CPU.Build.0 = Release|Any CPU
		{B7561A10-E39A-4AE3-996E-75517FB53B84}.Release|x64.ActiveCfg = Release|Any CPU
		{B7561A10-E39A-4AE3-996E-75517FB53B84}.Release|x64.Build.0 = Release|Any CPU
		{B7561A10-E39A-4AE3-996E-75517FB53B84}.Release|x86.ActiveCfg = Release|Any CPU
		{B7561A10-E39A-4AE3-996E-75517FB53B84}.Release|x86.Build.0 = Release|Any CPU
		{FA0E8453-9299-4787-A7AE-10C747C4DA6E}.Debug|Any CPU.ActiveCfg = Debug|Any CPU
		{FA0E8453-9299-4787-A7AE-10C747C4DA6E}.Debug|Any CPU.Build.0 = Debug|Any CPU
		{FA0E8453-9299-4787-A7AE-10C747C4DA6E}.Debug|x64.ActiveCfg = Debug|Any CPU
		{FA0E8453-9299-4787-A7AE-10C747C4DA6E}.Debug|x64.Build.0 = Debug|Any CPU
		{FA0E8453-9299-4787-A7AE-10C747C4DA6E}.Debug|x86.ActiveCfg = Debug|Any CPU
		{FA0E8453-9299-4787-A7AE-10C747C4DA6E}.Debug|x86.Build.0 = Debug|Any CPU
		{FA0E8453-9299-4787-A7AE-10C747C4DA6E}.Release|Any CPU.ActiveCfg = Release|Any CPU
		{FA0E8453-9299-4787-A7AE-10C747C4DA6E}.Release|Any CPU.Build.0 = Release|Any CPU
		{FA0E8453-9299-4787-A7AE-10C747C4DA6E}.Release|x64.ActiveCfg = Release|Any CPU
		{FA0E8453-9299-4787-A7AE-10C747C4DA6E}.Release|x64.Build.0 = Release|Any CPU
		{FA0E8453-9299-4787-A7AE-10C747C4DA6E}.Release|x86.ActiveCfg = Release|Any CPU
		{FA0E8453-9299-4787-A7AE-10C747C4DA6E}.Release|x86.Build.0 = Release|Any CPU
		{2F053549-4A77-4FD1-9304-3085FBCF9352}.Debug|Any CPU.ActiveCfg = Debug|Any CPU
		{2F053549-4A77-4FD1-9304-3085FBCF9352}.Debug|Any CPU.Build.0 = Debug|Any CPU
		{2F053549-4A77-4FD1-9304-3085FBCF9352}.Debug|x64.ActiveCfg = Debug|Any CPU
		{2F053549-4A77-4FD1-9304-3085FBCF9352}.Debug|x64.Build.0 = Debug|Any CPU
		{2F053549-4A77-4FD1-9304-3085FBCF9352}.Debug|x86.ActiveCfg = Debug|Any CPU
		{2F053549-4A77-4FD1-9304-3085FBCF9352}.Debug|x86.Build.0 = Debug|Any CPU
		{2F053549-4A77-4FD1-9304-3085FBCF9352}.Release|Any CPU.ActiveCfg = Release|Any CPU
		{2F053549-4A77-4FD1-9304-3085FBCF9352}.Release|Any CPU.Build.0 = Release|Any CPU
		{2F053549-4A77-4FD1-9304-3085FBCF9352}.Release|x64.ActiveCfg = Release|Any CPU
		{2F053549-4A77-4FD1-9304-3085FBCF9352}.Release|x64.Build.0 = Release|Any CPU
		{2F053549-4A77-4FD1-9304-3085FBCF9352}.Release|x86.ActiveCfg = Release|Any CPU
		{2F053549-4A77-4FD1-9304-3085FBCF9352}.Release|x86.Build.0 = Release|Any CPU
		{115C0CE6-7C7D-4B17-AEB1-B96AAA13129D}.Debug|Any CPU.ActiveCfg = Debug|Any CPU
		{115C0CE6-7C7D-4B17-AEB1-B96AAA13129D}.Debug|Any CPU.Build.0 = Debug|Any CPU
		{115C0CE6-7C7D-4B17-AEB1-B96AAA13129D}.Debug|x64.ActiveCfg = Debug|Any CPU
		{115C0CE6-7C7D-4B17-AEB1-B96AAA13129D}.Debug|x64.Build.0 = Debug|Any CPU
		{115C0CE6-7C7D-4B17-AEB1-B96AAA13129D}.Debug|x86.ActiveCfg = Debug|Any CPU
		{115C0CE6-7C7D-4B17-AEB1-B96AAA13129D}.Debug|x86.Build.0 = Debug|Any CPU
		{115C0CE6-7C7D-4B17-AEB1-B96AAA13129D}.Release|Any CPU.ActiveCfg = Release|Any CPU
		{115C0CE6-7C7D-4B17-AEB1-B96AAA13129D}.Release|Any CPU.Build.0 = Release|Any CPU
		{115C0CE6-7C7D-4B17-AEB1-B96AAA13129D}.Release|x64.ActiveCfg = Release|Any CPU
		{115C0CE6-7C7D-4B17-AEB1-B96AAA13129D}.Release|x64.Build.0 = Release|Any CPU
		{115C0CE6-7C7D-4B17-AEB1-B96AAA13129D}.Release|x86.ActiveCfg = Release|Any CPU
		{115C0CE6-7C7D-4B17-AEB1-B96AAA13129D}.Release|x86.Build.0 = Release|Any CPU
		{11981EF8-0EE1-44B1-9638-13A95909AAD9}.Debug|Any CPU.ActiveCfg = Debug|Any CPU
		{11981EF8-0EE1-44B1-9638-13A95909AAD9}.Debug|Any CPU.Build.0 = Debug|Any CPU
		{11981EF8-0EE1-44B1-9638-13A95909AAD9}.Debug|x64.ActiveCfg = Debug|Any CPU
		{11981EF8-0EE1-44B1-9638-13A95909AAD9}.Debug|x64.Build.0 = Debug|Any CPU
		{11981EF8-0EE1-44B1-9638-13A95909AAD9}.Debug|x86.ActiveCfg = Debug|Any CPU
		{11981EF8-0EE1-44B1-9638-13A95909AAD9}.Debug|x86.Build.0 = Debug|Any CPU
		{11981EF8-0EE1-44B1-9638-13A95909AAD9}.Release|Any CPU.ActiveCfg = Release|Any CPU
		{11981EF8-0EE1-44B1-9638-13A95909AAD9}.Release|Any CPU.Build.0 = Release|Any CPU
		{11981EF8-0EE1-44B1-9638-13A95909AAD9}.Release|x64.ActiveCfg = Release|Any CPU
		{11981EF8-0EE1-44B1-9638-13A95909AAD9}.Release|x64.Build.0 = Release|Any CPU
		{11981EF8-0EE1-44B1-9638-13A95909AAD9}.Release|x86.ActiveCfg = Release|Any CPU
		{11981EF8-0EE1-44B1-9638-13A95909AAD9}.Release|x86.Build.0 = Release|Any CPU
	EndGlobalSection
	GlobalSection(SolutionProperties) = preSolution
		HideSolutionNode = FALSE
	EndGlobalSection
	GlobalSection(ExtensibilityGlobals) = postSolution
		SolutionGuid = {8BEEB9CF-67E6-4A90-BB0C-9F52459AF0A9}
	EndGlobalSection
EndGlobal
